{
  "ref": "bf03d8bb31b6f18bfd8a5bfe4b9d20008503a648",
  "skills": {
    "changelog": "0.9.3",
    "cleanup-repo": "0.4.0",
    "commit": "0.1.2",
    "documentation-and-adrs": null,
    "find-skills": null,
    "initialise-skills": "0.10.6",
    "linear-sync": "0.3.3",
    "preflight": "0.2.1",
    "release-status": "0.1.4",
    "send-it": "0.7.0",
    "skill-creator": null,
    "triage-pr": "0.6.0"
  },
  "source": "https://github.com/acme-skunkworks/agent-skills"
}
